
Microsoft Visual Studio Solution File, Format Version 12.00
# Visual Studio Version 17
VisualStudioVersion = 17.9.34407.89
MinimumVisualStudioVersion = 10.0.40219.1
Project("{FAE04EC0-301F-11D3-BF4B-00C04F79EFBC}") = "TicTacToeGame", "TicTacToeGame\TicTacToeGame.csproj", "{858C8C1B-56D2-4E0A-8193-B4C3C69B3D72}"
EndProject
Project("{FAE04EC0-301F-11D3-BF4B-00C04F79EFBC}") = "TicTacToeLibrary", "TicTacToeLibrary\TicTacToeLibrary.csproj", "{0708E154-BDD1-474C-930C-55B964CE70D6}"
EndProject
Global
	GlobalSection(SolutionConfigurationPlatforms) = preSolution
		Debug|Any CPU = Debug|Any CPU
		Release|Any CPU = Release|Any CPU
	EndGlobalSection
	GlobalSection(ProjectConfigurationPlatforms) = postSolution
		{858C8C1B-56D2-4E0A-8193-B4C3C69B3D72}.Debug|Any CPU.ActiveCfg = Debug|Any CPU
		{858C8C1B-56D2-4E0A-8193-B4C3C69B3D72}.Debug|Any CPU.Build.0 = Debug|Any CPU
		{858C8C1B-56D2-4E0A-8193-B4C3C69B3D72}.Release|Any CPU.ActiveCfg = Release|Any CPU
		{858C8C1B-56D2-4E0A-8193-B4C3C69B3D72}.Release|Any CPU.Build.0 = Release|Any CPU
		{0708E154-BDD1-474C-930C-55B964CE70D6}.Debug|Any CPU.ActiveCfg = Debug|Any CPU
		{0708E154-BDD1-474C-930C-55B964CE70D6}.Debug|Any CPU.Build.0 = Debug|Any CPU
		{0708E154-BDD1-474C-930C-55B964CE70D6}.Release|Any CPU.ActiveCfg = Release|Any CPU
		{0708E154-BDD1-474C-930C-55B964CE70D6}.Release|Any CPU.Build.0 = Release|Any CPU
	EndGlobalSection
	GlobalSection(SolutionProperties) = preSolution
		HideSolutionNode = FALSE
	EndGlobalSection
	GlobalSection(ExtensibilityGlobals) = postSolution
		SolutionGuid = {21643BC0-2A8E-4C3A-A569-D82EDACD23C8}
	EndGlobalSection
EndGlobal
